Microsoft Visual Studio Solution File, Format Version 12.00
# Visual Studio Version 17
VisualStudioVersion = 17.5.2.0
MinimumVisualStudioVersion = 10.0.40219.1
Project("{FAE04EC0-301F-11D3-BF4B-00C04F79EFBC}") = "PokemonCalc", "PokemonCalc.csproj", "{0A5A6C20-2E38-E827-1EB5-E4FC84C31C92}"
EndProject
Global
	GlobalSection(SolutionConfigurationPlatforms) = preSolution
		Debug|Any CPU = Debug|Any CPU
		Release|Any CPU = Release|Any CPU
	EndGlobalSection
	GlobalSection(ProjectConfigurationPlatforms) = postSolution
		{0A5A6C20-2E38-E827-1EB5-E4FC84C31C92}.Debug|Any CPU.ActiveCfg = Debug|Any CPU
		{0A5A6C20-2E38-E827-1EB5-E4FC84C31C92}.Debug|Any CPU.Build.0 = Debug|Any CPU
		{0A5A6C20-2E38-E827-1EB5-E4FC84C31C92}.Release|Any CPU.ActiveCfg = Release|Any CPU
		{0A5A6C20-2E38-E827-1EB5-E4FC84C31C92}.Release|Any CPU.Build.0 = Release|Any CPU
	EndGlobalSection
	GlobalSection(SolutionProperties) = preSolution
		HideSolutionNode = FALSE
	EndGlobalSection
	GlobalSection(ExtensibilityGlobals) = postSolution
		SolutionGuid = {F4876620-4FEF-47C1-8DB1-597374A9522E}
	EndGlobalSection
EndGlobal
